
Microsoft Visual Studio Solution File, Format Version 12.00
# Visual Studio Version 16
VisualStudioVersion = 16.0.30804.86
MinimumVisualStudioVersion = 10.0.40219.1
Project("{8BC9CEB8-8B4A-11D0-8D11-00A0C91BC942}") = "lab_22", "lab_22.vcxproj", "{2078ECDD-2CA8-4608-A1E7-EBF704537C9C}"
EndProject
Global
	GlobalSection(SolutionConfigurationPlatforms) = preSolution
		Debug|x64 = Debug|x64
		Debug|x86 = Debug|x86
		Release|x64 = Release|x64
		Release|x86 = Release|x86
	EndGlobalSection
	GlobalSection(ProjectConfigurationPlatforms) = postSolution
		{2078ECDD-2CA8-4608-A1E7-EBF704537C9C}.Debug|x64.ActiveCfg = Debug|x64
		{2078ECDD-2CA8-4608-A1E7-EBF704537C9C}.Debug|x64.Build.0 = Debug|x64
		{2078ECDD-2CA8-4608-A1E7-EBF704537C9C}.Debug|x86.ActiveCfg = Debug|Win32
		{2078ECDD-2CA8-4608-A1E7-EBF704537C9C}.Debug|x86.Build.0 = Debug|Win32
		{2078ECDD-2CA8-4608-A1E7-EBF704537C9C}.Release|x64.ActiveCfg = Release|x64
		{2078ECDD-2CA8-4608-A1E7-EBF704537C9C}.Release|x64.Build.0 = Release|x64
		{2078ECDD-2CA8-4608-A1E7-EBF704537C9C}.Release|x86.ActiveCfg = Release|Win32
		{2078ECDD-2CA8-4608-A1E7-EBF704537C9C}.Release|x86.Build.0 = Release|Win32
	EndGlobalSection
	GlobalSection(SolutionProperties) = preSolution
		HideSolutionNode = FALSE
	EndGlobalSection
	GlobalSection(ExtensibilityGlobals) = postSolution
		SolutionGuid = {F5418C55-7A11-40EB-A4EC-A03CA9E9CF8D}
	EndGlobalSection
EndGlobal
